
Microsoft Visual Studio Solution File, Format Version 12.00
# Visual Studio Version 17
VisualStudioVersion = 17.2.32505.173
MinimumVisualStudioVersion = 10.0.40219.1
Project("{FAE04EC0-301F-11D3-BF4B-00C04F79EFBC}") = "Cinephilia", "Cinephilia\Cinephilia.csproj", "{13AF4907-F725-4BB3-8D31-D94B04566EDF}"
EndProject
Global
	GlobalSection(SolutionConfigurationPlatforms) = preSolution
		Debug|Any CPU = Debug|Any CPU
		Release|Any CPU = Release|Any CPU
	EndGlobalSection
	GlobalSection(ProjectConfigurationPlatforms) = postSolution
		{13AF4907-F725-4BB3-8D31-D94B04566EDF}.Debug|Any CPU.ActiveCfg = Debug|Any CPU
		{13AF4907-F725-4BB3-8D31-D94B04566EDF}.Debug|Any CPU.Build.0 = Debug|Any CPU
		{13AF4907-F725-4BB3-8D31-D94B04566EDF}.Release|Any CPU.ActiveCfg = Release|Any CPU
		{13AF4907-F725-4BB3-8D31-D94B04566EDF}.Release|Any CPU.Build.0 = Release|Any CPU
	EndGlobalSection
	GlobalSection(SolutionProperties) = preSolution
		HideSolutionNode = FALSE
	EndGlobalSection
	GlobalSection(ExtensibilityGlobals) = postSolution
		SolutionGuid = {13F7DE44-9095-4D27-8E06-E955B3B434C0}
	EndGlobalSection
EndGlobal
